
Microsoft Visual Studio Solution File, Format Version 12.00
Project("{FAE04EC0-301F-11D3-BF4B-00C04F79EFBC}") = "IW4MMaster", "IW4MMaster\IW4MMaster.csproj", "{89077F82-826F-47BD-983B-07750379F429}"
EndProject
Global
	GlobalSection(SolutionConfigurationPlatforms) = preSolution
		Debug|Any CPU = Debug|Any CPU
		Release|Any CPU = Release|Any CPU
	EndGlobalSection
	GlobalSection(ProjectConfigurationPlatforms) = postSolution
		{89077F82-826F-47BD-983B-07750379F429}.Debug|Any CPU.ActiveCfg = Debug|Any CPU
		{89077F82-826F-47BD-983B-07750379F429}.Debug|Any CPU.Build.0 = Debug|Any CPU
		{89077F82-826F-47BD-983B-07750379F429}.Release|Any CPU.ActiveCfg = Release|Any CPU
		{89077F82-826F-47BD-983B-07750379F429}.Release|Any CPU.Build.0 = Release|Any CPU
	EndGlobalSection
EndGlobal
